// !$*UTF8*$!
{
	archiveVersion = 1;
	classes = {
	};
	objectVersion = 56;
	objects = {

/* Begin PBXBuildFile section */
		48749CE22BC0210A00A0C86B /* AppDelegate.swift in Sources */ = {isa = PBXBuildFile; fileRef = 48749CE12BC0210A00A0C86B /* AppDelegate.swift */; };
		48749CE42BC0210A00A0C86B /* SceneDelegate.swift in Sources */ = {isa = PBXBuildFile; fileRef = 48749CE32BC0210A00A0C86B /* SceneDelegate.swift */; };
		48749CE62BC0210A00A0C86B /* ViewController.swift in Sources */ = {isa = PBXBuildFile; fileRef = 48749CE52BC0210A00A0C86B /* ViewController.swift */; };
		48749CE92BC0210A00A0C86B /* Base in Resources */ = {isa = PBXBuildFile; fileRef = 48749CE82BC0210A00A0C86B /* Base */; };
		48749CEB2BC0210B00A0C86B /* Assets.xcassets in Resources */ = {isa = PBXBuildFile; fileRef = 48749CEA2BC0210B00A0C86B /* Assets.xcassets */; };
		48749CEE2BC0210B00A0C86B /* Base in Resources */ = {isa = PBXBuildFile; fileRef = 48749CED2BC0210B00A0C86B /* Base */; };
		48749CF92BC0210C00A0C86B /* _rd_hw_KimMinjunTests.swift in Sources */ = {isa = PBXBuildFile; fileRef = 48749CF82BC0210C00A0C86B /* _rd_hw_KimMinjunTests.swift */; };
		48749D032BC0210C00A0C86B /* _rd_hw_KimMinjunUITests.swift in Sources */ = {isa = PBXBuildFile; fileRef = 48749D022BC0210C00A0C86B /* _rd_hw_KimMinjunUITests.swift */; };
		48749D052BC0210C00A0C86B /* _rd_hw_KimMinjunUITestsLaunchTests.swift in Sources */ = {isa = PBXBuildFile; fileRef = 48749D042BC0210C00A0C86B /* _rd_hw_KimMinjunUITestsLaunchTests.swift */; };
		48749D122BC0216100A0C86B /* HeroHeaderUIView.swift in Sources */ = {isa = PBXBuildFile; fileRef = 48749D112BC0216100A0C86B /* HeroHeaderUIView.swift */; };
		48749D142BC0217600A0C86B /* MockData.swift in Sources */ = {isa = PBXBuildFile; fileRef = 48749D132BC0217600A0C86B /* MockData.swift */; };
		48749D162BC0218B00A0C86B /* CollectionViewTableViewCell.swift in Sources */ = {isa = PBXBuildFile; fileRef = 48749D152BC0218B00A0C86B /* CollectionViewTableViewCell.swift */; };
		48749D182BC021A200A0C86B /* FirstViewController.swift in Sources */ = {isa = PBXBuildFile; fileRef = 48749D172BC021A200A0C86B /* FirstViewController.swift */; };
		48749D1A2BC021BC00A0C86B /* SecondViewController.swift in Sources */ = {isa = PBXBuildFile; fileRef = 48749D192BC021BC00A0C86B /* SecondViewController.swift */; };
		48749D1C2BC021DD00A0C86B /* ThirdViewController.swift in Sources */ = {isa = PBXBuildFile; fileRef = 48749D1B2BC021DD00A0C86B /* ThirdViewController.swift */; };
		48749D1E2BC021F500A0C86B /* ForthViewController.swift in Sources */ = {isa = PBXBuildFile; fileRef = 48749D1D2BC021F500A0C86B /* ForthViewController.swift */; };
		48749D202BC0222600A0C86B /* FifthViewController.swift in Sources */ = {isa = PBXBuildFile; fileRef = 48749D1F2BC0222600A0C86B /* FifthViewController.swift */; };
/* End PBXBuildFile section */

/* Begin PBXContainerItemProxy section */
		48749CF52BC0210C00A0C86B /* PBXContainerItemProxy */ = {
			isa = PBXContainerItemProxy;
			containerPortal = 48749CD62BC0210A00A0C86B /* Project object */;
			proxyType = 1;
			remoteGlobalIDString = 48749CDD2BC0210A00A0C86B;
			remoteInfo = 3rd_hw_KimMinjun;
		};
		48749CFF2BC0210C00A0C86B /* PBXContainerItemProxy */ = {
			isa = PBXContainerItemProxy;
			containerPortal = 48749CD62BC0210A00A0C86B /* Project object */;
			proxyType = 1;
			remoteGlobalIDString = 48749CDD2BC0210A00A0C86B;
			remoteInfo = 3rd_hw_KimMinjun;
		};
/* End PBXContainerItemProxy section */

/* Begin PBXFileReference section */
		48749CDE2BC0210A00A0C86B /* 3rd_hw_KimMinjun.app */ = {isa = PBXFileReference; explicitFileType = wrapper.application; includeInIndex = 0; path = 3rd_hw_KimMinjun.app; sourceTree = BUILT_PRODUCTS_DIR; };
		48749CE12BC0210A00A0C86B /* AppDelegate.swift */ = {isa = PBXFileReference; lastKnownFileType = sourcecode.swift; path = AppDelegate.swift; sourceTree = "<group>"; };
		48749CE32BC0210A00A0C86B /* SceneDelegate.swift */ = {isa = PBXFileReference; lastKnownFileType = sourcecode.swift; path = SceneDelegate.swift; sourceTree = "<group>"; };
		48749CE52BC0210A00A0C86B /* ViewController.swift */ = {isa = PBXFileReference; lastKnownFileType = sourcecode.swift; path = ViewController.swift; sourceTree = "<group>"; };
		48749CE82BC0210A00A0C86B /* Base */ = {isa = PBXFileReference; lastKnownFileType = file.storyboard; name = Base; path = Base.lproj/Main.storyboard; sourceTree = "<group>"; };
		48749CEA2BC0210B00A0C86B /* Assets.xcassets */ = {isa = PBXFileReference; lastKnownFileType = folder.assetcatalog; path = Assets.xcassets; sourceTree = "<group>"; };
		48749CED2BC0210B00A0C86B /* Base */ = {isa = PBXFileReference; lastKnownFileType = file.storyboard; name = Base; path = Base.lproj/LaunchScreen.storyboard; sourceTree = "<group>"; };
		48749CEF2BC0210B00A0C86B /* Info.plist */ = {isa = PBXFileReference; lastKnownFileType = text.plist.xml; path = Info.plist; sourceTree = "<group>"; };
		48749CF42BC0210C00A0C86B /* 3rd_hw_KimMinjunTests.xctest */ = {isa = PBXFileReference; explicitFileType = wrapper.cfbundle; includeInIndex = 0; path = 3rd_hw_KimMinjunTests.xctest; sourceTree = BUILT_PRODUCTS_DIR; };
		48749CF82BC0210C00A0C86B /* _rd_hw_KimMinjunTests.swift */ = {isa = PBXFileReference; lastKnownFileType = sourcecode.swift; path = _rd_hw_KimMinjunTests.swift; sourceTree = "<group>"; };
		48749CFE2BC0210C00A0C86B /* 3rd_hw_KimMinjunUITests.xctest */ = {isa = PBXFileReference; explicitFileType = wrapper.cfbundle; includeInIndex = 0; path = 3rd_hw_KimMinjunUITests.xctest; sourceTree = BUILT_PRODUCTS_DIR; };
		48749D022BC0210C00A0C86B /* _rd_hw_KimMinjunUITests.swift */ = {isa = PBXFileReference; lastKnownFileType = sourcecode.swift; path = _rd_hw_KimMinjunUITests.swift; sourceTree = "<group>"; };
		48749D042BC0210C00A0C86B /* _rd_hw_KimMinjunUITestsLaunchTests.swift */ = {isa = PBXFileReference; lastKnownFileType = sourcecode.swift; path = _rd_hw_KimMinjunUITestsLaunchTests.swift; sourceTree = "<group>"; };
		48749D112BC0216100A0C86B /* HeroHeaderUIView.swift */ = {isa = PBXFileReference; lastKnownFileType = sourcecode.swift; path = HeroHeaderUIView.swift; sourceTree = "<group>"; };
		48749D132BC0217600A0C86B /* MockData.swift */ = {isa = PBXFileReference; lastKnownFileType = sourcecode.swift; path = MockData.swift; sourceTree = "<group>"; };
		48749D152BC0218B00A0C86B /* CollectionViewTableViewCell.swift */ = {isa = PBXFileReference; lastKnownFileType = sourcecode.swift; path = CollectionViewTableViewCell.swift; sourceTree = "<group>"; };
		48749D172BC021A200A0C86B /* FirstViewController.swift */ = {isa = PBXFileReference; lastKnownFileType = sourcecode.swift; path = FirstViewController.swift; sourceTree = "<group>"; };
		48749D192BC021BC00A0C86B /* SecondViewController.swift */ = {isa = PBXFileReference; lastKnownFileType = sourcecode.swift; path = SecondViewController.swift; sourceTree = "<group>"; };
		48749D1B2BC021DD00A0C86B /* ThirdViewController.swift */ = {isa = PBXFileReference; lastKnownFileType = sourcecode.swift; path = ThirdViewController.swift; sourceTree = "<group>"; };
		48749D1D2BC021F500A0C86B /* ForthViewController.swift */ = {isa = PBXFileReference; lastKnownFileType = sourcecode.swift; path = ForthViewController.swift; sourceTree = "<group>"; };
		48749D1F2BC0222600A0C86B /* FifthViewController.swift */ = {isa = PBXFileReference; lastKnownFileType = sourcecode.swift; path = FifthViewController.swift; sourceTree = "<group>"; };
/* End PBXFileReference section */

/* Begin PBXFrameworksBuildPhase section */
		48749CDB2BC0210A00A0C86B /* Frameworks */ = {
			isa = PBXFrameworksBuildPhase;
			buildActionMask = 2147483647;
			files = (
			);
			runOnlyForDeploymentPostprocessing = 0;
		};
		48749CF12BC0210C00A0C86B /* Frameworks */ = {
			isa = PBXFrameworksBuildPhase;
			buildActionMask = 2147483647;
			files = (
			);
			runOnlyForDeploymentPostprocessing = 0;
		};
		48749CFB2BC0210C00A0C86B /* Frameworks */ = {
			isa = PBXFrameworksBuildPhase;
			buildActionMask = 2147483647;
			files = (
			);
			runOnlyForDeploymentPostprocessing = 0;
		};
/* End PBXFrameworksBuildPhase section */

/* Begin PBXGroup section */
		48749CD52BC0210A00A0C86B = {
			isa = PBXGroup;
			children = (
				48749CE02BC0210A00A0C86B /* 3rd_hw_KimMinjun */,
				48749CF72BC0210C00A0C86B /* 3rd_hw_KimMinjunTests */,
				48749D012BC0210C00A0C86B /* 3rd_hw_KimMinjunUITests */,
				48749CDF2BC0210A00A0C86B /* Products */,
			);
			sourceTree = "<group>";
		};
		48749CDF2BC0210A00A0C86B /* Products */ = {
			isa = PBXGroup;
			children = (
				48749CDE2BC0210A00A0C86B /* 3rd_hw_KimMinjun.app */,
				48749CF42BC0210C00A0C86B /* 3rd_hw_KimMinjunTests.xctest */,
				48749CFE2BC0210C00A0C86B /* 3rd_hw_KimMinjunUITests.xctest */,
			);
			name = Products;
			sourceTree = "<group>";
		};
		48749CE02BC0210A00A0C86B /* 3rd_hw_KimMinjun */ = {
			isa = PBXGroup;
			children = (
				48749CE12BC0210A00A0C86B /* AppDelegate.swift */,
				48749CE32BC0210A00A0C86B /* SceneDelegate.swift */,
				48749CE52BC0210A00A0C86B /* ViewController.swift */,
				48749D112BC0216100A0C86B /* HeroHeaderUIView.swift */,
				48749D132BC0217600A0C86B /* MockData.swift */,
				48749D152BC0218B00A0C86B /* CollectionViewTableViewCell.swift */,
				48749D172BC021A200A0C86B /* FirstViewController.swift */,
				48749D192BC021BC00A0C86B /* SecondViewController.swift */,
				48749D1B2BC021DD00A0C86B /* ThirdViewController.swift */,
				48749D1D2BC021F500A0C86B /* ForthViewController.swift */,
				48749D1F2BC0222600A0C86B /* FifthViewController.swift */,
				48749CE72BC0210A00A0C86B /* Main.storyboard */,
				48749CEA2BC0210B00A0C86B /* Assets.xcassets */,
				48749CEC2BC0210B00A0C86B /* LaunchScreen.storyboard */,
				48749CEF2BC0210B00A0C86B /* Info.plist */,
			);
			path = 3rd_hw_KimMinjun;
			sourceTree = "<group>";
		};
		48749CF72BC0210C00A0C86B /* 3rd_hw_KimMinjunTests */ = {
			isa = PBXGroup;
			children = (
				48749CF82BC0210C00A0C86B /* _rd_hw_KimMinjunTests.swift */,
			);
			path = 3rd_hw_KimMinjunTests;
			sourceTree = "<group>";
		};
		48749D012BC0210C00A0C86B /* 3rd_hw_KimMinjunUITests */ = {
			isa = PBXGroup;
			children = (
				48749D022BC0210C00A0C86B /* _rd_hw_KimMinjunUITests.swift */,
				48749D042BC0210C00A0C86B /* _rd_hw_KimMinjunUITestsLaunchTests.swift */,
			);
			path = 3rd_hw_KimMinjunUITests;
			sourceTree = "<group>";
		};
/* End PBXGroup section */

/* Begin PBXNativeTarget section */
		48749CDD2BC0210A00A0C86B /* 3rd_hw_KimMinjun */ = {
			isa = PBXNativeTarget;
			buildConfigurationList = 48749D082BC0210C00A0C86B /* Build configuration list for PBXNativeTarget "3rd_hw_KimMinjun" */;
			buildPhases = (
				48749CDA2BC0210A00A0C86B /* Sources */,
				48749CDB2BC0210A00A0C86B /* Frameworks */,
				48749CDC2BC0210A00A0C86B /* Resources */,
			);
			buildRules = (
			);
			dependencies = (
			);
			name = 3rd_hw_KimMinjun;
			productName = 3rd_hw_KimMinjun;
			productReference = 48749CDE2BC0210A00A0C86B /* 3rd_hw_KimMinjun.app */;
			productType = "com.apple.product-type.application";
		};
		48749CF32BC0210C00A0C86B /* 3rd_hw_KimMinjunTests */ = {
			isa = PBXNativeTarget;
			buildConfigurationList = 48749D0B2BC0210C00A0C86B /* Build configuration list for PBXNativeTarget "3rd_hw_KimMinjunTests" */;
			buildPhases = (
				48749CF02BC0210C00A0C86B /* Sources */,
				48749CF12BC0210C00A0C86B /* Frameworks */,
				48749CF22BC0210C00A0C86B /* Resources */,
			);
			buildRules = (
			);
			dependencies = (
				48749CF62BC0210C00A0C86B /* PBXTargetDependency */,
			);
			name = 3rd_hw_KimMinjunTests;
			productName = 3rd_hw_KimMinjunTests;
			productReference = 48749CF42BC0210C00A0C86B /* 3rd_hw_KimMinjunTests.xctest */;
			productType = "com.apple.product-type.bundle.unit-test";
		};
		48749CFD2BC0210C00A0C86B /* 3rd_hw_KimMinjunUITests */ = {
			isa = PBXNativeTarget;
			buildConfigurationList = 48749D0E2BC0210C00A0C86B /* Build configuration list for PBXNativeTarget "3rd_hw_KimMinjunUITests" */;
			buildPhases = (
				48749CFA2BC0210C00A0C86B /* Sources */,
				48749CFB2BC0210C00A0C86B /* Frameworks */,
				48749CFC2BC0210C00A0C86B /* Resources */,
			);
			buildRules = (
			);
			dependencies = (
				48749D002BC0210C00A0C86B /* PBXTargetDependency */,
			);
			name = 3rd_hw_KimMinjunUITests;
			productName = 3rd_hw_KimMinjunUITests;
			productReference = 48749CFE2BC0210C00A0C86B /* 3rd_hw_KimMinjunUITests.xctest */;
			productType = "com.apple.product-type.bundle.ui-testing";
		};
/* End PBXNativeTarget section */

/* Begin PBXProject section */
		48749CD62BC0210A00A0C86B /* Project object */ = {
			isa = PBXProject;
			attributes = {
				BuildIndependentTargetsInParallel = 1;
				LastSwiftUpdateCheck = 1530;
				LastUpgradeCheck = 1530;
				TargetAttributes = {
					48749CDD2BC0210A00A0C86B = {
						CreatedOnToolsVersion = 15.3;
					};
					48749CF32BC0210C00A0C86B = {
						CreatedOnToolsVersion = 15.3;
						TestTargetID = 48749CDD2BC0210A00A0C86B;
					};
					48749CFD2BC0210C00A0C86B = {
						CreatedOnToolsVersion = 15.3;
						TestTargetID = 48749CDD2BC0210A00A0C86B;
					};
				};
			};
			buildConfigurationList = 48749CD92BC0210A00A0C86B /* Build configuration list for PBXProject "3rd_hw_KimMinjun" */;
			compatibilityVersion = "Xcode 14.0";
			developmentRegion = en;
			hasScannedForEncodings = 0;
			knownRegions = (
				en,
				Base,
			);
			mainGroup = 48749CD52BC0210A00A0C86B;
			productRefGroup = 48749CDF2BC0210A00A0C86B /* Products */;
			projectDirPath = "";
			projectRoot = "";
			targets = (
				48749CDD2BC0210A00A0C86B /* 3rd_hw_KimMinjun */,
				48749CF32BC0210C00A0C86B /* 3rd_hw_KimMinjunTests */,
				48749CFD2BC0210C00A0C86B /* 3rd_hw_KimMinjunUITests */,
			);
		};
/* End PBXProject section */

/* Begin PBXResourcesBuildPhase section */
		48749CDC2BC0210A00A0C86B /* Resources */ = {
			isa = PBXResourcesBuildPhase;
			buildActionMask = 2147483647;
			files = (
				48749CEB2BC0210B00A0C86B /* Assets.xcassets in Resources */,
				48749CEE2BC0210B00A0C86B /* Base in Resources */,
				48749CE92BC0210A00A0C86B /* Base in Resources */,
			);
			runOnlyForDeploymentPostprocessing = 0;
		};
		48749CF22BC0210C00A0C86B /* Resources */ = {
			isa = PBXResourcesBuildPhase;
			buildActionMask = 2147483647;
			files = (
			);
			runOnlyForDeploymentPostprocessing = 0;
		};
		48749CFC2BC0210C00A0C86B /* Resources */ = {
			isa = PBXResourcesBuildPhase;
			buildActionMask = 2147483647;
			files = (
			);
			runOnlyForDeploymentPostprocessing = 0;
		};
/* End PBXResourcesBuildPhase section */

/* Begin PBXSourcesBuildPhase section */
		48749CDA2BC0210A00A0C86B /* Sources */ = {
			isa = PBXSourcesBuildPhase;
			buildActionMask = 2147483647;
			files = (
				48749D1A2BC021BC00A0C86B /* SecondViewController.swift in Sources */,
				48749D1C2BC021DD00A0C86B /* ThirdViewController.swift in Sources */,
				48749CE62BC0210A00A0C86B /* ViewController.swift in Sources */,
				48749D202BC0222600A0C86B /* FifthViewController.swift in Sources */,
				48749D122BC0216100A0C86B /* HeroHeaderUIView.swift in Sources */,
				48749D1E2BC021F500A0C86B /* ForthViewController.swift in Sources */,
				48749D162BC0218B00A0C86B /* CollectionViewTableViewCell.swift in Sources */,
				48749CE22BC0210A00A0C86B /* AppDelegate.swift in Sources */,
				48749CE42BC0210A00A0C86B /* SceneDelegate.swift in Sources */,
				48749D142BC0217600A0C86B /* MockData.swift in Sources */,
				48749D182BC021A200A0C86B /* FirstViewController.swift in Sources */,
			);
			runOnlyForDeploymentPostprocessing = 0;
		};
		48749CF02BC0210C00A0C86B /* Sources */ = {
			isa = PBXSourcesBuildPhase;
			buildActionMask = 2147483647;
			files = (
				48749CF92BC0210C00A0C86B /* _rd_hw_KimMinjunTests.swift in Sources */,
			);
			runOnlyForDeploymentPostprocessing = 0;
		};
		48749CFA2BC0210C00A0C86B /* Sources */ = {
			isa = PBXSourcesBuildPhase;
			buildActionMask = 2147483647;
			files = (
				48749D052BC0210C00A0C86B /* _rd_hw_KimMinjunUITestsLaunchTests.swift in Sources */,
				48749D032BC0210C00A0C86B /* _rd_hw_KimMinjunUITests.swift in Sources */,
			);
			runOnlyForDeploymentPostprocessing = 0;
		};
/* End PBXSourcesBuildPhase section */

/* Begin PBXTargetDependency section */
		48749CF62BC0210C00A0C86B /* PBXTargetDependency */ = {
			isa = PBXTargetDependency;
			target = 48749CDD2BC0210A00A0C86B /* 3rd_hw_KimMinjun */;
			targetProxy = 48749CF52BC0210C00A0C86B /* PBXContainerItemProxy */;
		};
		48749D002BC0210C00A0C86B /* PBXTargetDependency */ = {
			isa = PBXTargetDependency;
			target = 48749CDD2BC0210A00A0C86B /* 3rd_hw_KimMinjun */;
			targetProxy = 48749CFF2BC0210C00A0C86B /* PBXContainerItemProxy */;
		};
/* End PBXTargetDependency section */

/* Begin PBXVariantGroup section */
		48749CE72BC0210A00A0C86B /* Main.storyboard */ = {
			isa = PBXVariantGroup;
			children = (
				48749CE82BC0210A00A0C86B /* Base */,
			);
			name = Main.storyboard;
			sourceTree = "<group>";
		};
		48749CEC2BC0210B00A0C86B /* LaunchScreen.storyboard */ = {
			isa = PBXVariantGroup;
			children = (
				48749CED2BC0210B00A0C86B /* Base */,
			);
			name = LaunchScreen.storyboard;
			sourceTree = "<group>";
		};
/* End PBXVariantGroup section */

/* Begin XCBuildConfiguration section */
		48749D062BC0210C00A0C86B /* Debug */ = {
			isa = XCBuildConfiguration;
			buildSettings = {
				ALWAYS_SEARCH_USER_PATHS = NO;
				ASSETCATALOG_COMPILER_GENERATE_SWIFT_ASSET_SYMBOL_EXTENSIONS = YES;
				CLANG_ANALYZER_NONNULL = YES;
				CLANG_ANALYZER_NUMBER_OBJECT_CONVERSION = YES_AGGRESSIVE;
				CLANG_CXX_LANGUAGE_STANDARD = "gnu++20";
				CLANG_ENABLE_MODULES = YES;
				CLANG_ENABLE_OBJC_ARC = YES;
				CLANG_ENABLE_OBJC_WEAK = YES;
				CLANG_WARN_BLOCK_CAPTURE_AUTORELEASING = YES;
				CLANG_WARN_BOOL_CONVERSION = YES;
				CLANG_WARN_COMMA = YES;
				CLANG_WARN_CONSTANT_CONVERSION = YES;
				CLANG_WARN_DEPRECATED_OBJC_IMPLEMENTATIONS = YES;
				CLANG_WARN_DIRECT_OBJC_ISA_USAGE = YES_ERROR;
				CLANG_WARN_DOCUMENTATION_COMMENTS = YES;
				CLANG_WARN_EMPTY_BODY = YES;
				CLANG_WARN_ENUM_CONVERSION = YES;
				CLANG_WARN_INFINITE_RECURSION = YES;
				CLANG_WARN_INT_CONVERSION = YES;
				CLANG_WARN_NON_LITERAL_NULL_CONVERSION = YES;
				CLANG_WARN_OBJC_IMPLICIT_RETAIN_SELF = YES;
				CLANG_WARN_OBJC_LITERAL_CONVERSION = YES;
				CLANG_WARN_OBJC_ROOT_CLASS = YES_ERROR;
				CLANG_WARN_QUOTED_INCLUDE_IN_FRAMEWORK_HEADER = YES;
				CLANG_WARN_RANGE_LOOP_ANALYSIS = YES;
				CLANG_WARN_STRICT_PROTOTYPES = YES;
				CLANG_WARN_SUSPICIOUS_MOVE = YES;
				CLANG_WARN_UNGUARDED_AVAILABILITY = YES_AGGRESSIVE;
				CLANG_WARN_UNREACHABLE_CODE = YES;
				CLANG_WARN__DUPLICATE_METHOD_MATCH = YES;
				COPY_PHASE_STRIP = NO;
				DEBUG_INFORMATION_FORMAT = dwarf;
				ENABLE_STRICT_OBJC_MSGSEND = YES;
				ENABLE_TESTABILITY = YES;
				ENABLE_USER_SCRIPT_SANDBOXING = YES;
				GCC_C_LANGUAGE_STANDARD = gnu17;
				GCC_DYNAMIC_NO_PIC = NO;
				GCC_NO_COMMON_BLOCKS = YES;
				GCC_OPTIMIZATION_LEVEL = 0;
				GCC_PREPROCESSOR_DEFINITIONS = (
					"DEBUG=1",
					"$(inherited)",
				);
				GCC_WARN_64_TO_32_BIT_CONVERSION = YES;
				GCC_WARN_ABOUT_RETURN_TYPE = YES_ERROR;
				GCC_WARN_UNDECLARED_SELECTOR = YES;
				GCC_WARN_UNINITIALIZED_AUTOS = YES_AGGRESSIVE;
				GCC_WARN_UNUSED_FUNCTION = YES;
				GCC_WARN_UNUSED_VARIABLE = YES;
				IPHONEOS_DEPLOYMENT_TARGET = 17.4;
				LOCALIZATION_PREFERS_STRING_CATALOGS = YES;
				MTL_ENABLE_DEBUG_INFO = INCLUDE_SOURCE;
				MTL_FAST_MATH = YES;
				ONLY_ACTIVE_ARCH = YES;
				SDKROOT = iphoneos;
				SWIFT_ACTIVE_COMPILATION_CONDITIONS = "DEBUG $(inherited)";
				SWIFT_OPTIMIZATION_LEVEL = "-Onone";
			};
			name = Debug;
		};
		48749D072BC0210C00A0C86B /* Release */ = {
			isa = XCBuildConfiguration;
			buildSettings = {
				ALWAYS_SEARCH_USER_PATHS = NO;
				ASSETCATALOG_COMPILER_GENERATE_SWIFT_ASSET_SYMBOL_EXTENSIONS = YES;
				CLANG_ANALYZER_NONNULL = YES;
				CLANG_ANALYZER_NUMBER_OBJECT_CONVERSION = YES_AGGRESSIVE;
				CLANG_CXX_LANGUAGE_STANDARD = "gnu++20";
				CLANG_ENABLE_MODULES = YES;
				CLANG_ENABLE_OBJC_ARC = YES;
				CLANG_ENABLE_OBJC_WEAK = YES;
				CLANG_WARN_BLOCK_CAPTURE_AUTORELEASING = YES;
				CLANG_WARN_BOOL_CONVERSION = YES;
				CLANG_WARN_COMMA = YES;
				CLANG_WARN_CONSTANT_CONVERSION = YES;
				CLANG_WARN_DEPRECATED_OBJC_IMPLEMENTATIONS = YES;
				CLANG_WARN_DIRECT_OBJC_ISA_USAGE = YES_ERROR;
				CLANG_WARN_DOCUMENTATION_COMMENTS = YES;
				CLANG_WARN_EMPTY_BODY = YES;
				CLANG_WARN_ENUM_CONVERSION = YES;
				CLANG_WARN_INFINITE_RECURSION = YES;
				CLANG_WARN_INT_CONVERSION = YES;
				CLANG_WARN_NON_LITERAL_NULL_CONVERSION = YES;
				CLANG_WARN_OBJC_IMPLICIT_RETAIN_SELF = YES;
				CLANG_WARN_OBJC_LITERAL_CONVERSION = YES;
				CLANG_WARN_OBJC_ROOT_CLASS = YES_ERROR;
				CLANG_WARN_QUOTED_INCLUDE_IN_FRAMEWORK_HEADER = YES;
				CLANG_WARN_RANGE_LOOP_ANALYSIS = YES;
				CLANG_WARN_STRICT_PROTOTYPES = YES;
				CLANG_WARN_SUSPICIOUS_MOVE = YES;
				CLANG_WARN_UNGUARDED_AVAILABILITY = YES_AGGRESSIVE;
				CLANG_WARN_UNREACHABLE_CODE = YES;
				CLANG_WARN__DUPLICATE_METHOD_MATCH = YES;
				COPY_PHASE_STRIP = NO;
				DEBUG_INFORMATION_FORMAT = "dwarf-with-dsym";
				ENABLE_NS_ASSERTIONS = NO;
				ENABLE_STRICT_OBJC_MSGSEND = YES;
				ENABLE_USER_SCRIPT_SANDBOXING = YES;
				GCC_C_LANGUAGE_STANDARD = gnu17;
				GCC_NO_COMMON_BLOCKS = YES;
				GCC_WARN_64_TO_32_BIT_CONVERSION = YES;
				GCC_WARN_ABOUT_RETURN_TYPE = YES_ERROR;
				GCC_WARN_UNDECLARED_SELECTOR = YES;
				GCC_WARN_UNINITIALIZED_AUTOS = YES_AGGRESSIVE;
				GCC_WARN_UNUSED_FUNCTION = YES;
				GCC_WARN_UNUSED_VARIABLE = YES;
				IPHONEOS_DEPLOYMENT_TARGET = 17.4;
				LOCALIZATION_PREFERS_STRING_CATALOGS = YES;
				MTL_ENABLE_DEBUG_INFO = NO;
				MTL_FAST_MATH = YES;
				SDKROOT = iphoneos;
				SWIFT_COMPILATION_MODE = wholemodule;
				VALIDATE_PRODUCT = YES;
			};
			name = Release;
		};
		48749D092BC0210C00A0C86B /* Debug */ = {
			isa = XCBuildConfiguration;
			buildSettings = {
				ASSETCATALOG_COMPILER_APPICON_NAME = AppIcon;
				ASSETCATALOG_COMPILER_GLOBAL_ACCENT_COLOR_NAME = AccentColor;
				CODE_SIGN_STYLE = Automatic;
				CURRENT_PROJECT_VERSION = 1;
				DEVELOPMENT_TEAM = 55JW9PZ4J9;
				GENERATE_INFOPLIST_FILE = YES;
				INFOPLIST_FILE = 3rd_hw_KimMinjun/Info.plist;
				INFOPLIST_KEY_UIApplicationSupportsIndirectInputEvents = YES;
				INFOPLIST_KEY_UILaunchStoryboardName = LaunchScreen;
				INFOPLIST_KEY_UIMainStoryboardFile = Main;
				INFOPLIST_KEY_UISupportedInterfaceOrientations_iPad = "UIInterfaceOrientationPortrait UIInterfaceOrientationPortraitUpsideDown UIInterfaceOrientationLandscapeLeft UIInterfaceOrientationLandscapeRight";
				INFOPLIST_KEY_UISupportedInterfaceOrientations_iPhone = "UIInterfaceOrientationPortrait UIInterfaceOrientationLandscapeLeft UIInterfaceOrientationLandscapeRight";
				LD_RUNPATH_SEARCH_PATHS = (
					"$(inherited)",
					"@executable_path/Frameworks",
				);
				MARKETING_VERSION = 1.0;
				PRODUCT_BUNDLE_IDENTIFIER = "com.yourcompany.-rd-hw-KimMinjun";
				PRODUCT_NAME = "$(TARGET_NAME)";
				SWIFT_EMIT_LOC_STRINGS = YES;
				SWIFT_VERSION = 5.0;
				TARGETED_DEVICE_FAMILY = "1,2";
			};
			name = Debug;
		};
		48749D0A2BC0210C00A0C86B /* Release */ = {
			isa = XCBuildConfiguration;
			buildSettings = {
				ASSETCATALOG_COMPILER_APPICON_NAME = AppIcon;
				ASSETCATALOG_COMPILER_GLOBAL_ACCENT_COLOR_NAME = AccentColor;
				CODE_SIGN_STYLE = Automatic;
				CURRENT_PROJECT_VERSION = 1;
				DEVELOPMENT_TEAM = 55JW9PZ4J9;
				GENERATE_INFOPLIST_FILE = YES;
				INFOPLIST_FILE = 3rd_hw_KimMinjun/Info.plist;
				INFOPLIST_KEY_UIApplicationSupportsIndirectInputEvents = YES;
				INFOPLIST_KEY_UILaunchStoryboardName = LaunchScreen;
				INFOPLIST_KEY_UIMainStoryboardFile = Main;
				INFOPLIST_KEY_UISupportedInterfaceOrientations_iPad = "UIInterfaceOrientationPortrait UIInterfaceOrientationPortraitUpsideDown UIInterfaceOrientationLandscapeLeft UIInterfaceOrientationLandscapeRight";
				INFOPLIST_KEY_UISupportedInterfaceOrientations_iPhone = "UIInterfaceOrientationPortrait UIInterfaceOrientationLandscapeLeft UIInterfaceOrientationLandscapeRight";
				LD_RUNPATH_SEARCH_PATHS = (
					"$(inherited)",
					"@executable_path/Frameworks",
				);
				MARKETING_VERSION = 1.0;
				PRODUCT_BUNDLE_IDENTIFIER = "com.yourcompany.-rd-hw-KimMinjun";
				PRODUCT_NAME = "$(TARGET_NAME)";
				SWIFT_EMIT_LOC_STRINGS = YES;
				SWIFT_VERSION = 5.0;
				TARGETED_DEVICE_FAMILY = "1,2";
			};
			name = Release;
		};
		48749D0C2BC0210C00A0C86B /* Debug */ = {
			isa = XCBuildConfiguration;
			buildSettings = {
				ALWAYS_EMBED_SWIFT_STANDARD_LIBRARIES = YES;
				BUNDLE_LOADER = "$(TEST_HOST)";
				CODE_SIGN_STYLE = Automatic;
				CURRENT_PROJECT_VERSION = 1;
				DEVELOPMENT_TEAM = 55JW9PZ4J9;
				GENERATE_INFOPLIST_FILE = YES;
				IPHONEOS_DEPLOYMENT_TARGET = 17.4;
				MARKETING_VERSION = 1.0;
				PRODUCT_BUNDLE_IDENTIFIER = "com.yourcompany.-rd-hw-KimMinjunTests";
				PRODUCT_NAME = "$(TARGET_NAME)";
				SWIFT_EMIT_LOC_STRINGS = NO;
				SWIFT_VERSION = 5.0;
				TARGETED_DEVICE_FAMILY = "1,2";
				TEST_HOST = "$(BUILT_PRODUCTS_DIR)/3rd_hw_KimMinjun.app/$(BUNDLE_EXECUTABLE_FOLDER_PATH)/3rd_hw_KimMinjun";
			};
			name = Debug;
		};
		48749D0D2BC0210C00A0C86B /* Release */ = {
			isa = XCBuildConfiguration;
			buildSettings = {
				ALWAYS_EMBED_SWIFT_STANDARD_LIBRARIES = YES;
				BUNDLE_LOADER = "$(TEST_HOST)";
				CODE_SIGN_STYLE = Automatic;
				CURRENT_PROJECT_VERSION = 1;
				DEVELOPMENT_TEAM = 55JW9PZ4J9;
				GENERATE_INFOPLIST_FILE = YES;
				IPHONEOS_DEPLOYMENT_TARGET = 17.4;
				MARKETING_VERSION = 1.0;
				PRODUCT_BUNDLE_IDENTIFIER = "com.yourcompany.-rd-hw-KimMinjunTests";
				PRODUCT_NAME = "$(TARGET_NAME)";
				SWIFT_EMIT_LOC_STRINGS = NO;
				SWIFT_VERSION = 5.0;
				TARGETED_DEVICE_FAMILY = "1,2";
				TEST_HOST = "$(BUILT_PRODUCTS_DIR)/3rd_hw_KimMinjun.app/$(BUNDLE_EXECUTABLE_FOLDER_PATH)/3rd_hw_KimMinjun";
			};
			name = Release;
		};
		48749D0F2BC0210C00A0C86B /* Debug */ = {
			isa = XCBuildConfiguration;
			buildSettings = {
				ALWAYS_EMBED_SWIFT_STANDARD_LIBRARIES = YES;
				CODE_SIGN_STYLE = Automatic;
				CURRENT_PROJECT_VERSION = 1;
				DEVELOPMENT_TEAM = 55JW9PZ4J9;
				GENERATE_INFOPLIST_FILE = YES;
				MARKETING_VERSION = 1.0;
				PRODUCT_BUNDLE_IDENTIFIER = "com.yourcompany.-rd-hw-KimMinjunUITests";
				PRODUCT_NAME = "$(TARGET_NAME)";
				SWIFT_EMIT_LOC_STRINGS = NO;
				SWIFT_VERSION = 5.0;
				TARGETED_DEVICE_FAMILY = "1,2";
				TEST_TARGET_NAME = 3rd_hw_KimMinjun;
			};
			name = Debug;
		};
		48749D102BC0210C00A0C86B /* Release */ = {
			isa = XCBuildConfiguration;
			buildSettings = {
				ALWAYS_EMBED_SWIFT_STANDARD_LIBRARIES = YES;
				CODE_SIGN_STYLE = Automatic;
				CURRENT_PROJECT_VERSION = 1;
				DEVELOPMENT_TEAM = 55JW9PZ4J9;
				GENERATE_INFOPLIST_FILE = YES;
				MARKETING_VERSION = 1.0;
				PRODUCT_BUNDLE_IDENTIFIER = "com.yourcompany.-rd-hw-KimMinjunUITests";
				PRODUCT_NAME = "$(TARGET_NAME)";
				SWIFT_EMIT_LOC_STRINGS = NO;
				SWIFT_VERSION = 5.0;
				TARGETED_DEVICE_FAMILY = "1,2";
				TEST_TARGET_NAME = 3rd_hw_KimMinjun;
			};
			name = Release;
		};
/* End XCBuildConfiguration section */

/* Begin XCConfigurationList section */
		48749CD92BC0210A00A0C86B /* Build configuration list for PBXProject "3rd_hw_KimMinjun" */ = {
			isa = XCConfigurationList;
			buildConfigurations = (
				48749D062BC0210C00A0C86B /* Debug */,
				48749D072BC0210C00A0C86B /* Release */,
			);
			defaultConfigurationIsVisible = 0;
			defaultConfigurationName = Release;
		};
		48749D082BC0210C00A0C86B /* Build configuration list for PBXNativeTarget "3rd_hw_KimMinjun" */ = {
			isa = XCConfigurationList;
			buildConfigurations = (
				48749D092BC0210C00A0C86B /* Debug */,
				48749D0A2BC0210C00A0C86B /* Release */,
			);
			defaultConfigurationIsVisible = 0;
			defaultConfigurationName = Release;
		};
		48749D0B2BC0210C00A0C86B /* Build configuration list for PBXNativeTarget "3rd_hw_KimMinjunTests" */ = {
			isa = XCConfigurationList;
			buildConfigurations = (
				48749D0C2BC0210C00A0C86B /* Debug */,
				48749D0D2BC0210C00A0C86B /* Release */,
			);
			defaultConfigurationIsVisible = 0;
			defaultConfigurationName = Release;
		};
		48749D0E2BC0210C00A0C86B /* Build configuration list for PBXNativeTarget "3rd_hw_KimMinjunUITests" */ = {
			isa = XCConfigurationList;
			buildConfigurations = (
				48749D0F2BC0210C00A0C86B /* Debug */,
				48749D102BC0210C00A0C86B /* Release */,
			);
			defaultConfigurationIsVisible = 0;
			defaultConfigurationName = Release;
		};
/* End XCConfigurationList section */
	};
	rootObject = 48749CD62BC0210A00A0C86B /* Project object */;
}
